
Microsoft Visual Studio Solution File, Format Version 12.00
# Visual Studio Version 17
VisualStudioVersion = 17.5.33516.290
MinimumVisualStudioVersion = 10.0.40219.1
Project("{FAE04EC0-301F-11D3-BF4B-00C04F79EFBC}") = "Tugas PBO Dimas", "Tugas PBO Dimas\Tugas PBO Dimas.csproj", "{322D5F85-8DD6-4337-8725-E7DDAB899957}"
EndProject
Global
	GlobalSection(SolutionConfigurationPlatforms) = preSolution
		Debug|Any CPU = Debug|Any CPU
		Release|Any CPU = Release|Any CPU
	EndGlobalSection
	GlobalSection(ProjectConfigurationPlatforms) = postSolution
		{322D5F85-8DD6-4337-8725-E7DDAB899957}.Debug|Any CPU.ActiveCfg = Debug|Any CPU
		{322D5F85-8DD6-4337-8725-E7DDAB899957}.Debug|Any CPU.Build.0 = Debug|Any CPU
		{322D5F85-8DD6-4337-8725-E7DDAB899957}.Release|Any CPU.ActiveCfg = Release|Any CPU
		{322D5F85-8DD6-4337-8725-E7DDAB899957}.Release|Any CPU.Build.0 = Release|Any CPU
	EndGlobalSection
	GlobalSection(SolutionProperties) = preSolution
		HideSolutionNode = FALSE
	EndGlobalSection
	GlobalSection(ExtensibilityGlobals) = postSolution
		SolutionGuid = {C0A7558F-AD35-4E3E-A3BF-803CE231254B}
	EndGlobalSection
EndGlobal
